{
    "version": 3,
    "terraform_version": "0.11.12",
    "serial": 34,
    "lineage": "7bccdaa6-2d02-3112-bd0e-296eb69bb2aa",
    "modules": [
        {
            "path": [
                "root"
            ],
            "outputs": {
                "bastion_fips": {
                    "sensitive": false,
                    "type": "list",
                    "value": []
                },
                "floating_network_id": {
                    "sensitive": false,
                    "type": "string",
                    "value": "fa2c3b23-5f25-4ab1-b06b-6edc405ec323"
                },
                "k8s_master_fips": {
                    "sensitive": false,
                    "type": "list",
                    "value": [
                        "103.93.52.180"
                    ]
                },
                "k8s_node_fips": {
                    "sensitive": false,
                    "type": "list",
                    "value": [
                        "103.93.55.229",
                        "103.93.54.246"
                    ]
                },
                "private_subnet_id": {
                    "sensitive": false,
                    "type": "string",
                    "value": "2810b377-5fde-480c-b63f-c2cab5f9968f"
                },
                "router_id": {
                    "sensitive": false,
                    "type": "string",
                    "value": "5a37ce10-9344-409e-8b87-cf70e2e2ab5a"
                }
            },
            "resources": {},
            "depends_on": []
        },
        {
            "path": [
                "root",
                "compute"
            ],
            "outputs": {},
            "resources": {
                "openstack_compute_floatingip_associate_v2.k8s_master": {
                    "type": "openstack_compute_floatingip_associate_v2",
                    "depends_on": [
                        "openstack_compute_instance_v2.k8s_master.*"
                    ],
                    "primary": {
                        "id": "103.93.52.180/920b608e-fb12-477f-9053-d7ef47e8d41f/",
                        "attributes": {
                            "fixed_ip": "",
                            "floating_ip": "103.93.52.180",
                            "id": "103.93.52.180/920b608e-fb12-477f-9053-d7ef47e8d41f/",
                            "instance_id": "920b608e-fb12-477f-9053-d7ef47e8d41f",
                            "region": "jakarta-1"
                        },
                        "meta": {
                            "e2bfb730-ecaa-11e6-8f88-34363bc7c4c0": {
                                "create": 600000000000
                            }
                        },
                        "tainted": false
                    },
                    "deposed": [],
                    "provider": "provider.openstack"
                },
                "openstack_compute_floatingip_associate_v2.k8s_node.0": {
                    "type": "openstack_compute_floatingip_associate_v2",
                    "depends_on": [
                        "openstack_compute_instance_v2.k8s_node.*"
                    ],
                    "primary": {
                        "id": "103.93.55.229/94fb9743-932f-4d2c-870d-e9c08fc3259a/",
                        "attributes": {
                            "fixed_ip": "",
                            "floating_ip": "103.93.55.229",
                            "id": "103.93.55.229/94fb9743-932f-4d2c-870d-e9c08fc3259a/",
                            "instance_id": "94fb9743-932f-4d2c-870d-e9c08fc3259a",
                            "region": "jakarta-1"
                        },
                        "meta": {
                            "e2bfb730-ecaa-11e6-8f88-34363bc7c4c0": {
                                "create": 600000000000
                            }
                        },
                        "tainted": false
                    },
                    "deposed": [],
                    "provider": "provider.openstack"
                },
                "openstack_compute_floatingip_associate_v2.k8s_node.1": {
                    "type": "openstack_compute_floatingip_associate_v2",
                    "depends_on": [
                        "openstack_compute_instance_v2.k8s_node.*"
                    ],
                    "primary": {
                        "id": "103.93.54.246/c462b5cc-0e97-42e8-a6e7-4c16c2c5b643/",
                        "attributes": {
                            "fixed_ip": "",
                            "floating_ip": "103.93.54.246",
                            "id": "103.93.54.246/c462b5cc-0e97-42e8-a6e7-4c16c2c5b643/",
                            "instance_id": "c462b5cc-0e97-42e8-a6e7-4c16c2c5b643",
                            "region": "jakarta-1"
                        },
                        "meta": {
                            "e2bfb730-ecaa-11e6-8f88-34363bc7c4c0": {
                                "create": 600000000000
                            }
                        },
                        "tainted": false
                    },
                    "deposed": [],
                    "provider": "provider.openstack"
                },
                "openstack_compute_instance_v2.k8s_master": {
                    "type": "openstack_compute_instance_v2",
                    "depends_on": [
                        "openstack_compute_keypair_v2.k8s",
                        "openstack_networking_secgroup_v2.k8s_master"
                    ],
                    "primary": {
                        "id": "920b608e-fb12-477f-9053-d7ef47e8d41f",
                        "attributes": {
                            "access_ip_v4": "11.11.11.25",
                            "access_ip_v6": "",
                            "all_metadata.%": "3",
                            "all_metadata.depends_on": "5a37ce10-9344-409e-8b87-cf70e2e2ab5a",
                            "all_metadata.kubespray_groups": "etcd,kube-master,,k8s-cluster,vault",
                            "all_metadata.ssh_user": "ubuntu",
                            "availability_zone": "jakarta-1a",
                            "flavor_id": "a627cac9-8ef6-40f6-b030-573231751309",
                            "flavor_name": "SM4.2",
                            "force_delete": "false",
                            "id": "920b608e-fb12-477f-9053-d7ef47e8d41f",
                            "image_id": "1a18b14a-74ae-4830-ac7d-94226744899e",
                            "image_name": "Ubuntu 18.04 LTS",
                            "key_pair": "keypair",
                            "metadata.%": "3",
                            "metadata.depends_on": "5a37ce10-9344-409e-8b87-cf70e2e2ab5a",
                            "metadata.kubespray_groups": "etcd,kube-master,,k8s-cluster,vault",
                            "metadata.ssh_user": "ubuntu",
                            "name": "k8s-master-1",
                            "network.#": "1",
                            "network.0.access_network": "false",
                            "network.0.fixed_ip_v4": "11.11.11.25",
                            "network.0.fixed_ip_v6": "",
                            "network.0.floating_ip": "",
                            "network.0.mac": "fa:16:3e:ed:6f:71",
                            "network.0.name": "k8s-network",
                            "network.0.port": "",
                            "network.0.uuid": "0f734b21-9e1d-41a1-82e7-d126bcf7cc8e",
                            "power_state": "active",
                            "region": "jakarta-1",
                            "security_groups.#": "1",
                            "security_groups.4251464578": "k8s-k8s-master",
                            "stop_before_destroy": "false"
                        },
                        "meta": {
                            "e2bfb730-ecaa-11e6-8f88-34363bc7c4c0": {
                                "create": 1800000000000,
                                "delete": 1800000000000,
                                "update": 1800000000000
                            }
                        },
                        "tainted": false
                    },
                    "deposed": [],
                    "provider": "provider.openstack"
                },
                "openstack_compute_instance_v2.k8s_node.0": {
                    "type": "openstack_compute_instance_v2",
                    "depends_on": [
                        "openstack_compute_keypair_v2.k8s",
                        "openstack_networking_secgroup_v2.k8s_master"
                    ],
                    "primary": {
                        "id": "94fb9743-932f-4d2c-870d-e9c08fc3259a",
                        "attributes": {
                            "access_ip_v4": "11.11.11.8",
                            "access_ip_v6": "",
                            "all_metadata.%": "3",
                            "all_metadata.depends_on": "5a37ce10-9344-409e-8b87-cf70e2e2ab5a",
                            "all_metadata.kubespray_groups": "kube-node,k8s-cluster,",
                            "all_metadata.ssh_user": "ubuntu",
                            "availability_zone": "jakarta-1a",
                            "flavor_id": "a627cac9-8ef6-40f6-b030-573231751309",
                            "flavor_name": "SM4.2",
                            "force_delete": "false",
                            "id": "94fb9743-932f-4d2c-870d-e9c08fc3259a",
                            "image_id": "1a18b14a-74ae-4830-ac7d-94226744899e",
                            "image_name": "Ubuntu 18.04 LTS",
                            "key_pair": "keypair",
                            "metadata.%": "3",
                            "metadata.depends_on": "5a37ce10-9344-409e-8b87-cf70e2e2ab5a",
                            "metadata.kubespray_groups": "kube-node,k8s-cluster,",
                            "metadata.ssh_user": "ubuntu",
                            "name": "k8s-node-1",
                            "network.#": "1",
                            "network.0.access_network": "false",
                            "network.0.fixed_ip_v4": "11.11.11.8",
                            "network.0.fixed_ip_v6": "",
                            "network.0.floating_ip": "",
                            "network.0.mac": "fa:16:3e:68:cf:1a",
                            "network.0.name": "k8s-network",
                            "network.0.port": "",
                            "network.0.uuid": "0f734b21-9e1d-41a1-82e7-d126bcf7cc8e",
                            "power_state": "active",
                            "region": "jakarta-1",
                            "security_groups.#": "1",
                            "security_groups.4251464578": "k8s-k8s-master",
                            "stop_before_destroy": "false"
                        },
                        "meta": {
                            "e2bfb730-ecaa-11e6-8f88-34363bc7c4c0": {
                                "create": 1800000000000,
                                "delete": 1800000000000,
                                "update": 1800000000000
                            }
                        },
                        "tainted": false
                    },
                    "deposed": [],
                    "provider": "provider.openstack"
                },
                "openstack_compute_instance_v2.k8s_node.1": {
                    "type": "openstack_compute_instance_v2",
                    "depends_on": [
                        "openstack_compute_keypair_v2.k8s",
                        "openstack_networking_secgroup_v2.k8s_master"
                    ],
                    "primary": {
                        "id": "c462b5cc-0e97-42e8-a6e7-4c16c2c5b643",
                        "attributes": {
                            "access_ip_v4": "11.11.11.16",
                            "access_ip_v6": "",
                            "all_metadata.%": "3",
                            "all_metadata.depends_on": "5a37ce10-9344-409e-8b87-cf70e2e2ab5a",
                            "all_metadata.kubespray_groups": "kube-node,k8s-cluster,",
                            "all_metadata.ssh_user": "ubuntu",
                            "availability_zone": "jakarta-1b",
                            "flavor_id": "a627cac9-8ef6-40f6-b030-573231751309",
                            "flavor_name": "SM4.2",
                            "force_delete": "false",
                            "id": "c462b5cc-0e97-42e8-a6e7-4c16c2c5b643",
                            "image_id": "1a18b14a-74ae-4830-ac7d-94226744899e",
                            "image_name": "Ubuntu 18.04 LTS",
                            "key_pair": "keypair",
                            "metadata.%": "3",
                            "metadata.depends_on": "5a37ce10-9344-409e-8b87-cf70e2e2ab5a",
                            "metadata.kubespray_groups": "kube-node,k8s-cluster,",
                            "metadata.ssh_user": "ubuntu",
                            "name": "k8s-node-2",
                            "network.#": "1",
                            "network.0.access_network": "false",
                            "network.0.fixed_ip_v4": "11.11.11.16",
                            "network.0.fixed_ip_v6": "",
                            "network.0.floating_ip": "",
                            "network.0.mac": "fa:16:3e:a0:a0:b3",
                            "network.0.name": "k8s-network",
                            "network.0.port": "",
                            "network.0.uuid": "0f734b21-9e1d-41a1-82e7-d126bcf7cc8e",
                            "power_state": "active",
                            "region": "jakarta-1",
                            "security_groups.#": "1",
                            "security_groups.4251464578": "k8s-k8s-master",
                            "stop_before_destroy": "false"
                        },
                        "meta": {
                            "e2bfb730-ecaa-11e6-8f88-34363bc7c4c0": {
                                "create": 1800000000000,
                                "delete": 1800000000000,
                                "update": 1800000000000
                            }
                        },
                        "tainted": false
                    },
                    "deposed": [],
                    "provider": "provider.openstack"
                },
                "openstack_compute_keypair_v2.k8s": {
                    "type": "openstack_compute_keypair_v2",
                    "depends_on": [],
                    "primary": {
                        "id": "keypair",
                        "attributes": {
                            "fingerprint": "a7:38:51:19:aa:6a:ee:42:d8:24:11:9e:77:2c:51:11",
                            "id": "keypair",
                            "name": "keypair",
                            "private_key": "",
                            "public_key": "ssh-rsa AAAAB3NzaC1yc2EAAAADAQABAAABAQCYR7EwLSIc71888IKRwzGPfhMQVi3Qmyr+bIDLPJDNnh+UdDHVZ1VBHlZfy+ioo+uC7M173zMurD0ru64gg7bAF8mdvhBAzS+Jvl7v5VH3N+f6zCA0b54aIw0eQwU4/xqDT6UdpjjsFoDJtbOMhCaPW1lcFNttuTx1fDkfNQMeYump8UP0mHYLT0ZQzf+JnnO7Q5wwUrhKJ7kteAVTxCprbxRPNRJTaHPqZSO4cH1f8qkkVNnOP+I+o8jOw0EFlfe0975EkU3zDcLqAU4dWBULdv5brdXouwtO/RWVqOW1Xf9fDg5IInpHmi97HHyUa4oHAQWEq3KafwlTNAcFjnA/ root@ra-terraform-server",
                            "region": "jakarta-1"
                        },
                        "meta": {},
                        "tainted": false
                    },
                    "deposed": [],
                    "provider": "provider.openstack"
                },
                "openstack_networking_secgroup_rule_v2.Nodeport": {
                    "type": "openstack_networking_secgroup_rule_v2",
                    "depends_on": [
                        "openstack_networking_secgroup_v2.k8s_master"
                    ],
                    "primary": {
                        "id": "0e101423-c38a-4cf6-83de-771ee0b52e65",
                        "attributes": {
                            "description": "",
                            "direction": "ingress",
                            "ethertype": "IPv4",
                            "id": "0e101423-c38a-4cf6-83de-771ee0b52e65",
                            "port_range_max": "32767",
                            "port_range_min": "30000",
                            "protocol": "tcp",
                            "region": "jakarta-1",
                            "remote_group_id": "",
                            "remote_ip_prefix": "0.0.0.0/0",
                            "security_group_id": "508013b3-168c-4125-b768-71545cee9ad9",
                            "tenant_id": "9beca1c73b364796a73a585a77b5be9d"
                        },
                        "meta": {
                            "e2bfb730-ecaa-11e6-8f88-34363bc7c4c0": {
                                "delete": 600000000000
                            }
                        },
                        "tainted": false
                    },
                    "deposed": [],
                    "provider": "provider.openstack"
                },
                "openstack_networking_secgroup_rule_v2.all-icmp": {
                    "type": "openstack_networking_secgroup_rule_v2",
                    "depends_on": [
                        "openstack_networking_secgroup_v2.k8s_master"
                    ],
                    "primary": {
                        "id": "1881fa4b-a487-4141-9e67-f83fdc9829e1",
                        "attributes": {
                            "description": "",
                            "direction": "ingress",
                            "ethertype": "IPv4",
                            "id": "1881fa4b-a487-4141-9e67-f83fdc9829e1",
                            "port_range_max": "0",
                            "port_range_min": "0",
                            "protocol": "icmp",
                            "region": "jakarta-1",
                            "remote_group_id": "",
                            "remote_ip_prefix": "0.0.0.0/0",
                            "security_group_id": "508013b3-168c-4125-b768-71545cee9ad9",
                            "tenant_id": "9beca1c73b364796a73a585a77b5be9d"
                        },
                        "meta": {
                            "e2bfb730-ecaa-11e6-8f88-34363bc7c4c0": {
                                "delete": 600000000000
                            }
                        },
                        "tainted": false
                    },
                    "deposed": [],
                    "provider": "provider.openstack"
                },
                "openstack_networking_secgroup_rule_v2.http": {
                    "type": "openstack_networking_secgroup_rule_v2",
                    "depends_on": [
                        "openstack_networking_secgroup_v2.k8s_master"
                    ],
                    "primary": {
                        "id": "ac210f4f-3b53-4635-bbb9-59681032587b",
                        "attributes": {
                            "description": "",
                            "direction": "ingress",
                            "ethertype": "IPv4",
                            "id": "ac210f4f-3b53-4635-bbb9-59681032587b",
                            "port_range_max": "80",
                            "port_range_min": "80",
                            "protocol": "tcp",
                            "region": "jakarta-1",
                            "remote_group_id": "",
                            "remote_ip_prefix": "0.0.0.0/0",
                            "security_group_id": "508013b3-168c-4125-b768-71545cee9ad9",
                            "tenant_id": "9beca1c73b364796a73a585a77b5be9d"
                        },
                        "meta": {
                            "e2bfb730-ecaa-11e6-8f88-34363bc7c4c0": {
                                "delete": 600000000000
                            }
                        },
                        "tainted": false
                    },
                    "deposed": [],
                    "provider": "provider.openstack"
                },
                "openstack_networking_secgroup_rule_v2.https": {
                    "type": "openstack_networking_secgroup_rule_v2",
                    "depends_on": [
                        "openstack_networking_secgroup_v2.k8s_master"
                    ],
                    "primary": {
                        "id": "c6521190-f3bc-4350-963b-d4be407662f5",
                        "attributes": {
                            "description": "",
                            "direction": "ingress",
                            "ethertype": "IPv4",
                            "id": "c6521190-f3bc-4350-963b-d4be407662f5",
                            "port_range_max": "443",
                            "port_range_min": "443",
                            "protocol": "tcp",
                            "region": "jakarta-1",
                            "remote_group_id": "",
                            "remote_ip_prefix": "0.0.0.0/0",
                            "security_group_id": "508013b3-168c-4125-b768-71545cee9ad9",
                            "tenant_id": "9beca1c73b364796a73a585a77b5be9d"
                        },
                        "meta": {
                            "e2bfb730-ecaa-11e6-8f88-34363bc7c4c0": {
                                "delete": 600000000000
                            }
                        },
                        "tainted": false
                    },
                    "deposed": [],
                    "provider": "provider.openstack"
                },
                "openstack_networking_secgroup_rule_v2.port-Bootstraping": {
                    "type": "openstack_networking_secgroup_rule_v2",
                    "depends_on": [
                        "openstack_networking_secgroup_v2.k8s_master"
                    ],
                    "primary": {
                        "id": "94677647-b494-4d79-8439-5d100e32237f",
                        "attributes": {
                            "description": "",
                            "direction": "ingress",
                            "ethertype": "IPv4",
                            "id": "94677647-b494-4d79-8439-5d100e32237f",
                            "port_range_max": "2379",
                            "port_range_min": "2379",
                            "protocol": "tcp",
                            "region": "jakarta-1",
                            "remote_group_id": "",
                            "remote_ip_prefix": "0.0.0.0/0",
                            "security_group_id": "508013b3-168c-4125-b768-71545cee9ad9",
                            "tenant_id": "9beca1c73b364796a73a585a77b5be9d"
                        },
                        "meta": {
                            "e2bfb730-ecaa-11e6-8f88-34363bc7c4c0": {
                                "delete": 600000000000
                            }
                        },
                        "tainted": false
                    },
                    "deposed": [],
                    "provider": "provider.openstack"
                },
                "openstack_networking_secgroup_rule_v2.port-dashboard": {
                    "type": "openstack_networking_secgroup_rule_v2",
                    "depends_on": [
                        "openstack_networking_secgroup_v2.k8s_master"
                    ],
                    "primary": {
                        "id": "f91401c2-d5a2-4f78-93ef-ee5fed04c872",
                        "attributes": {
                            "description": "",
                            "direction": "ingress",
                            "ethertype": "IPv4",
                            "id": "f91401c2-d5a2-4f78-93ef-ee5fed04c872",
                            "port_range_max": "6443",
                            "port_range_min": "6443",
                            "protocol": "tcp",
                            "region": "jakarta-1",
                            "remote_group_id": "",
                            "remote_ip_prefix": "0.0.0.0/0",
                            "security_group_id": "508013b3-168c-4125-b768-71545cee9ad9",
                            "tenant_id": "9beca1c73b364796a73a585a77b5be9d"
                        },
                        "meta": {
                            "e2bfb730-ecaa-11e6-8f88-34363bc7c4c0": {
                                "delete": 600000000000
                            }
                        },
                        "tainted": false
                    },
                    "deposed": [],
                    "provider": "provider.openstack"
                },
                "openstack_networking_secgroup_rule_v2.port-ssh": {
                    "type": "openstack_networking_secgroup_rule_v2",
                    "depends_on": [
                        "openstack_networking_secgroup_v2.k8s_master"
                    ],
                    "primary": {
                        "id": "02d4d2f5-d7df-421b-89cb-70f0df391d06",
                        "attributes": {
                            "description": "",
                            "direction": "ingress",
                            "ethertype": "IPv4",
                            "id": "02d4d2f5-d7df-421b-89cb-70f0df391d06",
                            "port_range_max": "22",
                            "port_range_min": "22",
                            "protocol": "tcp",
                            "region": "jakarta-1",
                            "remote_group_id": "",
                            "remote_ip_prefix": "0.0.0.0/0",
                            "security_group_id": "508013b3-168c-4125-b768-71545cee9ad9",
                            "tenant_id": "9beca1c73b364796a73a585a77b5be9d"
                        },
                        "meta": {
                            "e2bfb730-ecaa-11e6-8f88-34363bc7c4c0": {
                                "delete": 600000000000
                            }
                        },
                        "tainted": false
                    },
                    "deposed": [],
                    "provider": "provider.openstack"
                },
                "openstack_networking_secgroup_v2.k8s_master": {
                    "type": "openstack_networking_secgroup_v2",
                    "depends_on": [],
                    "primary": {
                        "id": "508013b3-168c-4125-b768-71545cee9ad9",
                        "attributes": {
                            "all_tags.#": "0",
                            "delete_default_rules": "false",
                            "description": "k8s - Master",
                            "id": "508013b3-168c-4125-b768-71545cee9ad9",
                            "name": "k8s-k8s-master",
                            "region": "jakarta-1",
                            "tags.#": "0",
                            "tenant_id": "9beca1c73b364796a73a585a77b5be9d"
                        },
                        "meta": {
                            "e2bfb730-ecaa-11e6-8f88-34363bc7c4c0": {
                                "delete": 600000000000
                            }
                        },
                        "tainted": false
                    },
                    "deposed": [],
                    "provider": "provider.openstack"
                }
            },
            "depends_on": []
        },
        {
            "path": [
                "root",
                "ips"
            ],
            "outputs": {
                "bastion_fips": {
                    "sensitive": false,
                    "type": "list",
                    "value": []
                },
                "k8s_master_fips": {
                    "sensitive": false,
                    "type": "list",
                    "value": [
                        "103.93.52.180"
                    ]
                },
                "k8s_master_no_etcd_fips": {
                    "sensitive": false,
                    "type": "list",
                    "value": []
                },
                "k8s_node_fips": {
                    "sensitive": false,
                    "type": "list",
                    "value": [
                        "103.93.55.229",
                        "103.93.54.246"
                    ]
                }
            },
            "resources": {
                "null_resource.dummy_dependency": {
                    "type": "null_resource",
                    "depends_on": [],
                    "primary": {
                        "id": "8834179840877284390",
                        "attributes": {
                            "id": "8834179840877284390",
                            "triggers.%": "1",
                            "triggers.dependency_id": "5a37ce10-9344-409e-8b87-cf70e2e2ab5a"
                        },
                        "meta": {},
                        "tainted": false
                    },
                    "deposed": [],
                    "provider": "provider.null"
                },
                "openstack_networking_floatingip_v2.k8s_master": {
                    "type": "openstack_networking_floatingip_v2",
                    "depends_on": [
                        "null_resource.dummy_dependency"
                    ],
                    "primary": {
                        "id": "2270719d-86f4-4d6a-89bd-b861d078dfce",
                        "attributes": {
                            "address": "103.93.52.180",
                            "all_tags.#": "0",
                            "description": "",
                            "dns_domain": "",
                            "dns_name": "",
                            "fixed_ip": "",
                            "id": "2270719d-86f4-4d6a-89bd-b861d078dfce",
                            "pool": "Public_Network",
                            "port_id": "",
                            "region": "jakarta-1",
                            "tags.#": "0",
                            "tenant_id": "9beca1c73b364796a73a585a77b5be9d"
                        },
                        "meta": {
                            "e2bfb730-ecaa-11e6-8f88-34363bc7c4c0": {
                                "create": 600000000000,
                                "delete": 600000000000
                            }
                        },
                        "tainted": false
                    },
                    "deposed": [],
                    "provider": "provider.openstack"
                },
                "openstack_networking_floatingip_v2.k8s_node.0": {
                    "type": "openstack_networking_floatingip_v2",
                    "depends_on": [
                        "null_resource.dummy_dependency"
                    ],
                    "primary": {
                        "id": "d68ce1d2-16ca-4904-b02a-4046f33d20c8",
                        "attributes": {
                            "address": "103.93.55.229",
                            "all_tags.#": "0",
                            "description": "",
                            "dns_domain": "",
                            "dns_name": "",
                            "fixed_ip": "",
                            "id": "d68ce1d2-16ca-4904-b02a-4046f33d20c8",
                            "pool": "Public_Network",
                            "port_id": "",
                            "region": "jakarta-1",
                            "tags.#": "0",
                            "tenant_id": "9beca1c73b364796a73a585a77b5be9d"
                        },
                        "meta": {
                            "e2bfb730-ecaa-11e6-8f88-34363bc7c4c0": {
                                "create": 600000000000,
                                "delete": 600000000000
                            }
                        },
                        "tainted": false
                    },
                    "deposed": [],
                    "provider": "provider.openstack"
                },
                "openstack_networking_floatingip_v2.k8s_node.1": {
                    "type": "openstack_networking_floatingip_v2",
                    "depends_on": [
                        "null_resource.dummy_dependency"
                    ],
                    "primary": {
                        "id": "86d6ee22-aa99-4f1d-9711-7e7f2711eb73",
                        "attributes": {
                            "address": "103.93.54.246",
                            "all_tags.#": "0",
                            "description": "",
                            "dns_domain": "",
                            "dns_name": "",
                            "fixed_ip": "",
                            "id": "86d6ee22-aa99-4f1d-9711-7e7f2711eb73",
                            "pool": "Public_Network",
                            "port_id": "",
                            "region": "jakarta-1",
                            "tags.#": "0",
                            "tenant_id": "9beca1c73b364796a73a585a77b5be9d"
                        },
                        "meta": {
                            "e2bfb730-ecaa-11e6-8f88-34363bc7c4c0": {
                                "create": 600000000000,
                                "delete": 600000000000
                            }
                        },
                        "tainted": false
                    },
                    "deposed": [],
                    "provider": "provider.openstack"
                }
            },
            "depends_on": []
        },
        {
            "path": [
                "root",
                "network"
            ],
            "outputs": {
                "router_id": {
                    "sensitive": false,
                    "type": "string",
                    "value": "5a37ce10-9344-409e-8b87-cf70e2e2ab5a"
                },
                "router_internal_port_id": {
                    "sensitive": false,
                    "type": "string",
                    "value": "96f77c03-390a-47d4-824a-2056246ddf76"
                },
                "subnet_id": {
                    "sensitive": false,
                    "type": "string",
                    "value": "2810b377-5fde-480c-b63f-c2cab5f9968f"
                }
            },
            "resources": {
                "openstack_networking_network_v2.k8s": {
                    "type": "openstack_networking_network_v2",
                    "depends_on": [],
                    "primary": {
                        "id": "0f734b21-9e1d-41a1-82e7-d126bcf7cc8e",
                        "attributes": {
                            "admin_state_up": "true",
                            "all_tags.#": "0",
                            "availability_zone_hints.#": "0",
                            "description": "",
                            "dns_domain": "",
                            "external": "false",
                            "id": "0f734b21-9e1d-41a1-82e7-d126bcf7cc8e",
                            "mtu": "8950",
                            "name": "k8s-network",
                            "port_security_enabled": "true",
                            "qos_policy_id": "",
                            "region": "jakarta-1",
                            "shared": "false",
                            "tags.#": "0",
                            "tenant_id": "9beca1c73b364796a73a585a77b5be9d",
                            "transparent_vlan": "false"
                        },
                        "meta": {
                            "e2bfb730-ecaa-11e6-8f88-34363bc7c4c0": {
                                "create": 600000000000,
                                "delete": 600000000000
                            }
                        },
                        "tainted": false
                    },
                    "deposed": [],
                    "provider": "provider.openstack"
                },
                "openstack_networking_router_interface_v2.k8s": {
                    "type": "openstack_networking_router_interface_v2",
                    "depends_on": [
                        "openstack_networking_router_v2.k8s",
                        "openstack_networking_subnet_v2.k8s"
                    ],
                    "primary": {
                        "id": "96f77c03-390a-47d4-824a-2056246ddf76",
                        "attributes": {
                            "id": "96f77c03-390a-47d4-824a-2056246ddf76",
                            "port_id": "96f77c03-390a-47d4-824a-2056246ddf76",
                            "region": "jakarta-1",
                            "router_id": "5a37ce10-9344-409e-8b87-cf70e2e2ab5a",
                            "subnet_id": "2810b377-5fde-480c-b63f-c2cab5f9968f"
                        },
                        "meta": {
                            "e2bfb730-ecaa-11e6-8f88-34363bc7c4c0": {
                                "create": 600000000000,
                                "delete": 600000000000
                            }
                        },
                        "tainted": false
                    },
                    "deposed": [],
                    "provider": "provider.openstack"
                },
                "openstack_networking_router_v2.k8s": {
                    "type": "openstack_networking_router_v2",
                    "depends_on": [],
                    "primary": {
                        "id": "5a37ce10-9344-409e-8b87-cf70e2e2ab5a",
                        "attributes": {
                            "admin_state_up": "true",
                            "all_tags.#": "0",
                            "availability_zone_hints.#": "0",
                            "description": "",
                            "distributed": "false",
                            "enable_snat": "true",
                            "external_fixed_ip.#": "1",
                            "external_fixed_ip.0.ip_address": "103.93.53.249",
                            "external_fixed_ip.0.subnet_id": "79289461-35da-4c53-866f-071f0787d6a3",
                            "external_gateway": "fa2c3b23-5f25-4ab1-b06b-6edc405ec323",
                            "external_network_id": "fa2c3b23-5f25-4ab1-b06b-6edc405ec323",
                            "id": "5a37ce10-9344-409e-8b87-cf70e2e2ab5a",
                            "name": "k8s-router",
                            "region": "jakarta-1",
                            "tags.#": "0",
                            "tenant_id": "9beca1c73b364796a73a585a77b5be9d"
                        },
                        "meta": {
                            "e2bfb730-ecaa-11e6-8f88-34363bc7c4c0": {
                                "create": 600000000000,
                                "delete": 600000000000
                            }
                        },
                        "tainted": false
                    },
                    "deposed": [],
                    "provider": "provider.openstack"
                },
                "openstack_networking_subnet_v2.k8s": {
                    "type": "openstack_networking_subnet_v2",
                    "depends_on": [
                        "openstack_networking_network_v2.k8s"
                    ],
                    "primary": {
                        "id": "2810b377-5fde-480c-b63f-c2cab5f9968f",
                        "attributes": {
                            "all_tags.#": "0",
                            "allocation_pool.#": "1",
                            "allocation_pool.560367651.end": "11.11.11.254",
                            "allocation_pool.560367651.start": "11.11.11.2",
                            "allocation_pools.#": "1",
                            "allocation_pools.0.end": "11.11.11.254",
                            "allocation_pools.0.start": "11.11.11.2",
                            "cidr": "11.11.11.0/24",
                            "description": "",
                            "dns_nameservers.#": "2",
                            "dns_nameservers.0": "8.8.8.8",
                            "dns_nameservers.1": "8.8.4.4",
                            "enable_dhcp": "true",
                            "gateway_ip": "11.11.11.1",
                            "id": "2810b377-5fde-480c-b63f-c2cab5f9968f",
                            "ip_version": "4",
                            "ipv6_address_mode": "",
                            "ipv6_ra_mode": "",
                            "name": "k8s-internal-network",
                            "network_id": "0f734b21-9e1d-41a1-82e7-d126bcf7cc8e",
                            "no_gateway": "false",
                            "region": "jakarta-1",
                            "subnetpool_id": "",
                            "tags.#": "0",
                            "tenant_id": "9beca1c73b364796a73a585a77b5be9d"
                        },
                        "meta": {
                            "e2bfb730-ecaa-11e6-8f88-34363bc7c4c0": {
                                "create": 600000000000,
                                "delete": 600000000000
                            }
                        },
                        "tainted": false
                    },
                    "deposed": [],
                    "provider": "provider.openstack"
                }
            },
            "depends_on": []
        }
    ]
}
